
Microsoft Visual Studio Solution File, Format Version 12.00
# Visual Studio Version 17
VisualStudioVersion = 17.14.36511.14
MinimumVisualStudioVersion = 10.0.40219.1
Project("{FAE04EC0-301F-11D3-BF4B-00C04F79EFBC}") = "HolaMundoApi", "HolaMundoApi\HolaMundoApi.csproj", "{FBD2066F-8D2C-4EE2-AFEB-FABE6270A41F}"
EndProject
Project("{FAE04EC0-301F-11D3-BF4B-00C04F79EFBC}") = "Peliculas", "Peliculas\Peliculas.csproj", "{2B5157C7-3DFA-42E3-BA65-C8F6A00651DC}"
EndProject
Global
	GlobalSection(SolutionConfigurationPlatforms) = preSolution
		Debug|Any CPU = Debug|Any CPU
		Release|Any CPU = Release|Any CPU
	EndGlobalSection
	GlobalSection(ProjectConfigurationPlatforms) = postSolution
		{FBD2066F-8D2C-4EE2-AFEB-FABE6270A41F}.Debug|Any CPU.ActiveCfg = Debug|Any CPU
		{FBD2066F-8D2C-4EE2-AFEB-FABE6270A41F}.Debug|Any CPU.Build.0 = Debug|Any CPU
		{FBD2066F-8D2C-4EE2-AFEB-FABE6270A41F}.Release|Any CPU.ActiveCfg = Release|Any CPU
		{FBD2066F-8D2C-4EE2-AFEB-FABE6270A41F}.Release|Any CPU.Build.0 = Release|Any CPU
		{2B5157C7-3DFA-42E3-BA65-C8F6A00651DC}.Debug|Any CPU.ActiveCfg = Debug|Any CPU
		{2B5157C7-3DFA-42E3-BA65-C8F6A00651DC}.Debug|Any CPU.Build.0 = Debug|Any CPU
		{2B5157C7-3DFA-42E3-BA65-C8F6A00651DC}.Release|Any CPU.ActiveCfg = Release|Any CPU
		{2B5157C7-3DFA-42E3-BA65-C8F6A00651DC}.Release|Any CPU.Build.0 = Release|Any CPU
	EndGlobalSection
	GlobalSection(SolutionProperties) = preSolution
		HideSolutionNode = FALSE
	EndGlobalSection
	GlobalSection(ExtensibilityGlobals) = postSolution
		SolutionGuid = {AC9B4B4A-BE00-4AC3-BEA1-20FAFECCE2BA}
	EndGlobalSection
EndGlobal
